
Microsoft Visual Studio Solution File, Format Version 12.00
# Visual Studio Version 17
VisualStudioVersion = 17.6.33829.357
MinimumVisualStudioVersion = 10.0.40219.1
Project("{8BC9CEB8-8B4A-11D0-8D11-00A0C91BC942}") = "涛の俄罗斯方块", "涛の俄罗斯方块\涛の俄罗斯方块.vcxproj", "{047A4EC3-2A7D-40E4-9D04-B7FA89D84EAB}"
EndProject
Global
	GlobalSection(SolutionConfigurationPlatforms) = preSolution
		Debug|x64 = Debug|x64
		Debug|x86 = Debug|x86
		Release|x64 = Release|x64
		Release|x86 = Release|x86
	EndGlobalSection
	GlobalSection(ProjectConfigurationPlatforms) = postSolution
		{047A4EC3-2A7D-40E4-9D04-B7FA89D84EAB}.Debug|x64.ActiveCfg = Debug|x64
		{047A4EC3-2A7D-40E4-9D04-B7FA89D84EAB}.Debug|x64.Build.0 = Debug|x64
		{047A4EC3-2A7D-40E4-9D04-B7FA89D84EAB}.Debug|x86.ActiveCfg = Debug|Win32
		{047A4EC3-2A7D-40E4-9D04-B7FA89D84EAB}.Debug|x86.Build.0 = Debug|Win32
		{047A4EC3-2A7D-40E4-9D04-B7FA89D84EAB}.Release|x64.ActiveCfg = Release|x64
		{047A4EC3-2A7D-40E4-9D04-B7FA89D84EAB}.Release|x64.Build.0 = Release|x64
		{047A4EC3-2A7D-40E4-9D04-B7FA89D84EAB}.Release|x86.ActiveCfg = Release|Win32
		{047A4EC3-2A7D-40E4-9D04-B7FA89D84EAB}.Release|x86.Build.0 = Release|Win32
	EndGlobalSection
	GlobalSection(SolutionProperties) = preSolution
		HideSolutionNode = FALSE
	EndGlobalSection
	GlobalSection(ExtensibilityGlobals) = postSolution
		SolutionGuid = {AB6DF223-D281-464A-90CD-868F6E12FECB}
	EndGlobalSection
EndGlobal
